
Microsoft Visual Studio Solution File, Format Version 12.00
# Visual Studio Version 16
VisualStudioVersion = 16.0.30711.63
MinimumVisualStudioVersion = 10.0.40219.1
Project("{FAE04EC0-301F-11D3-BF4B-00C04F79EFBC}") = "TraceProject", "TraceProject\TraceProject.csproj", "{865ECB5F-29F5-450F-9BFD-749ACCC4E852}"
EndProject
Project("{FAE04EC0-301F-11D3-BF4B-00C04F79EFBC}") = "Task2UnitTestProject", "Task2UnitTestProject\Task2UnitTestProject.csproj", "{E655FD1D-86B6-4CCE-9715-EB1D838A5C90}"
EndProject
Global
	GlobalSection(SolutionConfigurationPlatforms) = preSolution
		Debug|Any CPU = Debug|Any CPU
		Release|Any CPU = Release|Any CPU
	EndGlobalSection
	GlobalSection(ProjectConfigurationPlatforms) = postSolution
		{865ECB5F-29F5-450F-9BFD-749ACCC4E852}.Debug|Any CPU.ActiveCfg = Debug|Any CPU
		{865ECB5F-29F5-450F-9BFD-749ACCC4E852}.Debug|Any CPU.Build.0 = Debug|Any CPU
		{865ECB5F-29F5-450F-9BFD-749ACCC4E852}.Release|Any CPU.ActiveCfg = Release|Any CPU
		{865ECB5F-29F5-450F-9BFD-749ACCC4E852}.Release|Any CPU.Build.0 = Release|Any CPU
		{E655FD1D-86B6-4CCE-9715-EB1D838A5C90}.Debug|Any CPU.ActiveCfg = Debug|Any CPU
		{E655FD1D-86B6-4CCE-9715-EB1D838A5C90}.Debug|Any CPU.Build.0 = Debug|Any CPU
		{E655FD1D-86B6-4CCE-9715-EB1D838A5C90}.Release|Any CPU.ActiveCfg = Release|Any CPU
		{E655FD1D-86B6-4CCE-9715-EB1D838A5C90}.Release|Any CPU.Build.0 = Release|Any CPU
	EndGlobalSection
	GlobalSection(SolutionProperties) = preSolution
		HideSolutionNode = FALSE
	EndGlobalSection
	GlobalSection(ExtensibilityGlobals) = postSolution
		SolutionGuid = {6DE43334-FDEE-4651-970C-6CFD4BEA9A8A}
	EndGlobalSection
EndGlobal
